
Microsoft Visual Studio Solution File, Format Version 12.00
# Visual Studio 2012
Project("{FAE04EC0-301F-11D3-BF4B-00C04F79EFBC}") = "GalaxianConsoleGame", "GameTeamWork\GalaxianConsoleGame.csproj", "{2F3E73AB-7C18-4D0B-A5F8-4D1A2CE9DF45}"
EndProject
Global
	GlobalSection(TeamFoundationVersionControl) = preSolution
		SccNumberOfProjects = 2
		SccEnterpriseProvider = {4CA58AB2-18FA-4F8D-95D4-32DDF27D184C}
		SccTeamFoundationServer = https://telerikacademy.visualstudio.com/defaultcollection
		SccLocalPath0 = .
		SccProjectUniqueName1 = GameTeamWork\\GalaxianConsoleGame.csproj
		SccProjectName1 = GameTeamWork
		SccLocalPath1 = GameTeamWork
	EndGlobalSection
	GlobalSection(SolutionConfigurationPlatforms) = preSolution
		Debug|Any CPU = Debug|Any CPU
		Release|Any CPU = Release|Any CPU
	EndGlobalSection
	GlobalSection(ProjectConfigurationPlatforms) = postSolution
		{2F3E73AB-7C18-4D0B-A5F8-4D1A2CE9DF45}.Debug|Any CPU.ActiveCfg = Debug|Any CPU
		{2F3E73AB-7C18-4D0B-A5F8-4D1A2CE9DF45}.Debug|Any CPU.Build.0 = Debug|Any CPU
		{2F3E73AB-7C18-4D0B-A5F8-4D1A2CE9DF45}.Release|Any CPU.ActiveCfg = Release|Any CPU
		{2F3E73AB-7C18-4D0B-A5F8-4D1A2CE9DF45}.Release|Any CPU.Build.0 = Release|Any CPU
	EndGlobalSection
	GlobalSection(SolutionProperties) = preSolution
		HideSolutionNode = FALSE
	EndGlobalSection
EndGlobal
